
Microsoft Visual Studio Solution File, Format Version 12.00
# Visual Studio 15
VisualStudioVersion = 15.0.27130.2027
MinimumVisualStudioVersion = 10.0.40219.1
Project("{2150E333-8FDC-42A3-9474-1A3956D46DE8}") = "Services", "Services", "{C91A4C25-D358-4D52-A494-19920798AE23}"
EndProject
Project("{9A19103F-16F7-4668-BE54-9A1E7A4F7556}") = "Customer", "Customer\Customer.csproj", "{FAAC0519-A7E3-4B1C-A92E-76A2E2A4CCBC}"
EndProject
Project("{9A19103F-16F7-4668-BE54-9A1E7A4F7556}") = "Order", "Order\Order.csproj", "{0FC9E416-2685-48E4-B425-C593C83512F9}"
EndProject
Project("{9A19103F-16F7-4668-BE54-9A1E7A4F7556}") = "Basket", "Basket\Basket.csproj", "{A6B33B8D-D0F5-4B2D-9383-4E1AD0EA6CA1}"
EndProject
Project("{9A19103F-16F7-4668-BE54-9A1E7A4F7556}") = "Payment", "Payment\Payment.csproj", "{097A5748-B08C-4389-BAF7-84DE2547FC5C}"
EndProject
Project("{9A19103F-16F7-4668-BE54-9A1E7A4F7556}") = "Checkout", "Checkout\Checkout.csproj", "{85DA2AD4-8EBE-4347-B1BC-2E299DAE4DAC}"
EndProject
Project("{9A19103F-16F7-4668-BE54-9A1E7A4F7556}") = "ProductCatalog", "ProductCatalog\ProductCatalog.csproj", "{1AB7A71C-2BDA-41E9-BACB-EFDF8B4897BF}"
EndProject
Global
	GlobalSection(SolutionConfigurationPlatforms) = preSolution
		Debug|Any CPU = Debug|Any CPU
		Release|Any CPU = Release|Any CPU
	EndGlobalSection
	GlobalSection(ProjectConfigurationPlatforms) = postSolution
		{FAAC0519-A7E3-4B1C-A92E-76A2E2A4CCBC}.Debug|Any CPU.ActiveCfg = Debug|Any CPU
		{FAAC0519-A7E3-4B1C-A92E-76A2E2A4CCBC}.Debug|Any CPU.Build.0 = Debug|Any CPU
		{FAAC0519-A7E3-4B1C-A92E-76A2E2A4CCBC}.Release|Any CPU.ActiveCfg = Release|Any CPU
		{FAAC0519-A7E3-4B1C-A92E-76A2E2A4CCBC}.Release|Any CPU.Build.0 = Release|Any CPU
		{0FC9E416-2685-48E4-B425-C593C83512F9}.Debug|Any CPU.ActiveCfg = Debug|Any CPU
		{0FC9E416-2685-48E4-B425-C593C83512F9}.Debug|Any CPU.Build.0 = Debug|Any CPU
		{0FC9E416-2685-48E4-B425-C593C83512F9}.Release|Any CPU.ActiveCfg = Release|Any CPU
		{0FC9E416-2685-48E4-B425-C593C83512F9}.Release|Any CPU.Build.0 = Release|Any CPU
		{A6B33B8D-D0F5-4B2D-9383-4E1AD0EA6CA1}.Debug|Any CPU.ActiveCfg = Debug|Any CPU
		{A6B33B8D-D0F5-4B2D-9383-4E1AD0EA6CA1}.Debug|Any CPU.Build.0 = Debug|Any CPU
		{A6B33B8D-D0F5-4B2D-9383-4E1AD0EA6CA1}.Release|Any CPU.ActiveCfg = Release|Any CPU
		{A6B33B8D-D0F5-4B2D-9383-4E1AD0EA6CA1}.Release|Any CPU.Build.0 = Release|Any CPU
		{097A5748-B08C-4389-BAF7-84DE2547FC5C}.Debug|Any CPU.ActiveCfg = Debug|Any CPU
		{097A5748-B08C-4389-BAF7-84DE2547FC5C}.Debug|Any CPU.Build.0 = Debug|Any CPU
		{097A5748-B08C-4389-BAF7-84DE2547FC5C}.Release|Any CPU.ActiveCfg = Release|Any CPU
		{097A5748-B08C-4389-BAF7-84DE2547FC5C}.Release|Any CPU.Build.0 = Release|Any CPU
		{85DA2AD4-8EBE-4347-B1BC-2E299DAE4DAC}.Debug|Any CPU.ActiveCfg = Debug|Any CPU
		{85DA2AD4-8EBE-4347-B1BC-2E299DAE4DAC}.Debug|Any CPU.Build.0 = Debug|Any CPU
		{85DA2AD4-8EBE-4347-B1BC-2E299DAE4DAC}.Release|Any CPU.ActiveCfg = Release|Any CPU
		{85DA2AD4-8EBE-4347-B1BC-2E299DAE4DAC}.Release|Any CPU.Build.0 = Release|Any CPU
		{1AB7A71C-2BDA-41E9-BACB-EFDF8B4897BF}.Debug|Any CPU.ActiveCfg = Debug|Any CPU
		{1AB7A71C-2BDA-41E9-BACB-EFDF8B4897BF}.Debug|Any CPU.Build.0 = Debug|Any CPU
		{1AB7A71C-2BDA-41E9-BACB-EFDF8B4897BF}.Release|Any CPU.ActiveCfg = Release|Any CPU
		{1AB7A71C-2BDA-41E9-BACB-EFDF8B4897BF}.Release|Any CPU.Build.0 = Release|Any CPU
	EndGlobalSection
	GlobalSection(SolutionProperties) = preSolution
		HideSolutionNode = FALSE
	EndGlobalSection
	GlobalSection(NestedProjects) = preSolution
		{FAAC0519-A7E3-4B1C-A92E-76A2E2A4CCBC} = {C91A4C25-D358-4D52-A494-19920798AE23}
		{0FC9E416-2685-48E4-B425-C593C83512F9} = {C91A4C25-D358-4D52-A494-19920798AE23}
		{A6B33B8D-D0F5-4B2D-9383-4E1AD0EA6CA1} = {C91A4C25-D358-4D52-A494-19920798AE23}
		{097A5748-B08C-4389-BAF7-84DE2547FC5C} = {C91A4C25-D358-4D52-A494-19920798AE23}
		{85DA2AD4-8EBE-4347-B1BC-2E299DAE4DAC} = {C91A4C25-D358-4D52-A494-19920798AE23}
		{1AB7A71C-2BDA-41E9-BACB-EFDF8B4897BF} = {C91A4C25-D358-4D52-A494-19920798AE23}
	EndGlobalSection
	GlobalSection(ExtensibilityGlobals) = postSolution
		SolutionGuid = {A6C2D6D3-E17A-4029-808B-8BACEA786E69}
	EndGlobalSection
EndGlobal
